
Microsoft Visual Studio Solution File, Format Version 12.00
# Visual Studio Version 16
VisualStudioVersion = 16.0.30523.141
MinimumVisualStudioVersion = 10.0.40219.1
Project("{9A19103F-16F7-4668-BE54-9A1E7A4F7556}") = "RetailerOffers.Api", "RetailerOffers.Api\RetailerOffers.Api.csproj", "{B38909F9-C80A-40FD-8E77-33544A93BD1A}"
EndProject
Project("{9A19103F-16F7-4668-BE54-9A1E7A4F7556}") = "RetailerOffers.Business", "RetailerOffers.Business\RetailerOffers.Business.csproj", "{020F8C05-441D-4802-A1AF-FCBC93A8796C}"
EndProject
Project("{FAE04EC0-301F-11D3-BF4B-00C04F79EFBC}") = "RetailerOffers.UnitTest", "RetailerOffers.UnitTest\RetailerOffers.UnitTest.csproj", "{9910F7F8-05FE-47D6-99E4-E5D468C8BF80}"
EndProject
Global
	GlobalSection(SolutionConfigurationPlatforms) = preSolution
		Debug|Any CPU = Debug|Any CPU
		Release|Any CPU = Release|Any CPU
	EndGlobalSection
	GlobalSection(ProjectConfigurationPlatforms) = postSolution
		{B38909F9-C80A-40FD-8E77-33544A93BD1A}.Debug|Any CPU.ActiveCfg = Debug|Any CPU
		{B38909F9-C80A-40FD-8E77-33544A93BD1A}.Debug|Any CPU.Build.0 = Debug|Any CPU
		{B38909F9-C80A-40FD-8E77-33544A93BD1A}.Release|Any CPU.ActiveCfg = Release|Any CPU
		{B38909F9-C80A-40FD-8E77-33544A93BD1A}.Release|Any CPU.Build.0 = Release|Any CPU
		{020F8C05-441D-4802-A1AF-FCBC93A8796C}.Debug|Any CPU.ActiveCfg = Debug|Any CPU
		{020F8C05-441D-4802-A1AF-FCBC93A8796C}.Debug|Any CPU.Build.0 = Debug|Any CPU
		{020F8C05-441D-4802-A1AF-FCBC93A8796C}.Release|Any CPU.ActiveCfg = Release|Any CPU
		{020F8C05-441D-4802-A1AF-FCBC93A8796C}.Release|Any CPU.Build.0 = Release|Any CPU
		{9910F7F8-05FE-47D6-99E4-E5D468C8BF80}.Debug|Any CPU.ActiveCfg = Debug|Any CPU
		{9910F7F8-05FE-47D6-99E4-E5D468C8BF80}.Debug|Any CPU.Build.0 = Debug|Any CPU
		{9910F7F8-05FE-47D6-99E4-E5D468C8BF80}.Release|Any CPU.ActiveCfg = Release|Any CPU
		{9910F7F8-05FE-47D6-99E4-E5D468C8BF80}.Release|Any CPU.Build.0 = Release|Any CPU
	EndGlobalSection
	GlobalSection(SolutionProperties) = preSolution
		HideSolutionNode = FALSE
	EndGlobalSection
	GlobalSection(ExtensibilityGlobals) = postSolution
		SolutionGuid = {51663A79-FC15-45BD-8D7B-75A421D736A6}
	EndGlobalSection
EndGlobal
